
Microsoft Visual Studio Solution File, Format Version 12.00
# Visual Studio Version 17
VisualStudioVersion = 17.10.35122.118
MinimumVisualStudioVersion = 10.0.40219.1
Project("{FAE04EC0-301F-11D3-BF4B-00C04F79EFBC}") = "TestingDeepRefresh", "TestingDeepRefresh\TestingDeepRefresh.csproj", "{1928325A-4A8A-450A-BC9C-BBF73A7D8297}"
EndProject
Global
	GlobalSection(SolutionConfigurationPlatforms) = preSolution
		Debug|Any CPU = Debug|Any CPU
		Release|Any CPU = Release|Any CPU
	EndGlobalSection
	GlobalSection(ProjectConfigurationPlatforms) = postSolution
		{1928325A-4A8A-450A-BC9C-BBF73A7D8297}.Debug|Any CPU.ActiveCfg = Debug|Any CPU
		{1928325A-4A8A-450A-BC9C-BBF73A7D8297}.Debug|Any CPU.Build.0 = Debug|Any CPU
		{1928325A-4A8A-450A-BC9C-BBF73A7D8297}.Debug|Any CPU.Deploy.0 = Debug|Any CPU
		{1928325A-4A8A-450A-BC9C-BBF73A7D8297}.Release|Any CPU.ActiveCfg = Release|Any CPU
		{1928325A-4A8A-450A-BC9C-BBF73A7D8297}.Release|Any CPU.Build.0 = Release|Any CPU
		{1928325A-4A8A-450A-BC9C-BBF73A7D8297}.Release|Any CPU.Deploy.0 = Release|Any CPU
	EndGlobalSection
	GlobalSection(SolutionProperties) = preSolution
		HideSolutionNode = FALSE
	EndGlobalSection
	GlobalSection(ExtensibilityGlobals) = postSolution
		SolutionGuid = {A6D2EEB9-D964-4861-9BF9-BA408E115185}
	EndGlobalSection
EndGlobal
